
Microsoft Visual Studio Solution File, Format Version 12.00
# Visual Studio Version 16
VisualStudioVersion = 16.0.29728.190
MinimumVisualStudioVersion = 10.0.40219.1
Project("{FAE04EC0-301F-11D3-BF4B-00C04F79EFBC}") = "Deel1", "Deel1\Deel1.csproj", "{C2A00BC5-CF5A-4BA1-A3EF-607E1197F294}"
EndProject
Global
	GlobalSection(SolutionConfigurationPlatforms) = preSolution
		Debug|Any CPU = Debug|Any CPU
		Release|Any CPU = Release|Any CPU
	EndGlobalSection
	GlobalSection(ProjectConfigurationPlatforms) = postSolution
		{C2A00BC5-CF5A-4BA1-A3EF-607E1197F294}.Debug|Any CPU.ActiveCfg = Debug|Any CPU
		{C2A00BC5-CF5A-4BA1-A3EF-607E1197F294}.Debug|Any CPU.Build.0 = Debug|Any CPU
		{C2A00BC5-CF5A-4BA1-A3EF-607E1197F294}.Release|Any CPU.ActiveCfg = Release|Any CPU
		{C2A00BC5-CF5A-4BA1-A3EF-607E1197F294}.Release|Any CPU.Build.0 = Release|Any CPU
	EndGlobalSection
	GlobalSection(SolutionProperties) = preSolution
		HideSolutionNode = FALSE
	EndGlobalSection
	GlobalSection(ExtensibilityGlobals) = postSolution
		SolutionGuid = {87830F0B-AECD-4D77-B926-8CD4431985A5}
	EndGlobalSection
EndGlobal
